
Microsoft Visual Studio Solution File, Format Version 12.00
# Visual Studio Version 17
VisualStudioVersion = 17.13.35919.96 d17.13
MinimumVisualStudioVersion = 10.0.40219.1
Project("{FAE04EC0-301F-11D3-BF4B-00C04F79EFBC}") = "Web_Buoi5", "Web_Buoi5\Web_Buoi5.csproj", "{90A79B36-A779-48FE-B9A1-95908BB6193E}"
EndProject
Global
	GlobalSection(SolutionConfigurationPlatforms) = preSolution
		Debug|Any CPU = Debug|Any CPU
		Release|Any CPU = Release|Any CPU
	EndGlobalSection
	GlobalSection(ProjectConfigurationPlatforms) = postSolution
		{90A79B36-A779-48FE-B9A1-95908BB6193E}.Debug|Any CPU.ActiveCfg = Debug|Any CPU
		{90A79B36-A779-48FE-B9A1-95908BB6193E}.Debug|Any CPU.Build.0 = Debug|Any CPU
		{90A79B36-A779-48FE-B9A1-95908BB6193E}.Release|Any CPU.ActiveCfg = Release|Any CPU
		{90A79B36-A779-48FE-B9A1-95908BB6193E}.Release|Any CPU.Build.0 = Release|Any CPU
	EndGlobalSection
	GlobalSection(SolutionProperties) = preSolution
		HideSolutionNode = FALSE
	EndGlobalSection
	GlobalSection(ExtensibilityGlobals) = postSolution
		SolutionGuid = {DB9A75CE-678D-4354-8594-FB94BB60A2C6}
	EndGlobalSection
EndGlobal
